// !$*UTF8*$!
{
	archiveVersion = 1;
	classes = {
	};
	objectVersion = 56;
	objects = {

/* Begin PBXBuildFile section */
		4B1092572913942D005B0B9C /* Attendance_for_userApp.swift in Sources */ = {isa = PBXBuildFile; fileRef = 4B1092562913942D005B0B9C /* Attendance_for_userApp.swift */; };
		4B1092592913942D005B0B9C /* ContentView.swift in Sources */ = {isa = PBXBuildFile; fileRef = 4B1092582913942D005B0B9C /* ContentView.swift */; };
		4B10925B2913942D005B0B9C /* Assets.xcassets in Resources */ = {isa = PBXBuildFile; fileRef = 4B10925A2913942D005B0B9C /* Assets.xcassets */; };
		4B10925E2913942D005B0B9C /* Preview Assets.xcassets in Resources */ = {isa = PBXBuildFile; fileRef = 4B10925D2913942D005B0B9C /* Preview Assets.xcassets */; };
		4B10926D29139507005B0B9C /* AuthTextField.swift in Sources */ = {isa = PBXBuildFile; fileRef = 4B10926B29139507005B0B9C /* AuthTextField.swift */; };
		4B10926E29139507005B0B9C /* AuthButton.swift in Sources */ = {isa = PBXBuildFile; fileRef = 4B10926C29139507005B0B9C /* AuthButton.swift */; };
		4B1092762913951B005B0B9C /* logInViewModel.swift in Sources */ = {isa = PBXBuildFile; fileRef = 4B1092712913951B005B0B9C /* logInViewModel.swift */; };
		4B1092772913951B005B0B9C /* LoginModel.swift in Sources */ = {isa = PBXBuildFile; fileRef = 4B1092732913951B005B0B9C /* LoginModel.swift */; };
		4B1092782913951B005B0B9C /* LoginView.swift in Sources */ = {isa = PBXBuildFile; fileRef = 4B1092752913951B005B0B9C /* LoginView.swift */; };
		4B10927B29139548005B0B9C /* Moya in Frameworks */ = {isa = PBXBuildFile; productRef = 4B10927A29139548005B0B9C /* Moya */; };
		4B10928229139568005B0B9C /* UserClient.swift in Sources */ = {isa = PBXBuildFile; fileRef = 4B10927D29139568005B0B9C /* UserClient.swift */; };
		4B10928329139568005B0B9C /* MoyaLogPlugin.swift in Sources */ = {isa = PBXBuildFile; fileRef = 4B10927F29139568005B0B9C /* MoyaLogPlugin.swift */; };
		4B10928429139568005B0B9C /* Header.swift in Sources */ = {isa = PBXBuildFile; fileRef = 4B10928129139568005B0B9C /* Header.swift */; };
		4B10928C2913990F005B0B9C /* SignUpView.swift in Sources */ = {isa = PBXBuildFile; fileRef = 4B10928B2913990F005B0B9C /* SignUpView.swift */; };
		4B1092902913995E005B0B9C /* SignUpViewModel.swift in Sources */ = {isa = PBXBuildFile; fileRef = 4B10928F2913995E005B0B9C /* SignUpViewModel.swift */; };
		4B10929329139B8D005B0B9C /* ErrorModel.swift in Sources */ = {isa = PBXBuildFile; fileRef = 4B10929229139B8D005B0B9C /* ErrorModel.swift */; };
		4B1092982913A4DD005B0B9C /* ManagementView.swift in Sources */ = {isa = PBXBuildFile; fileRef = 4B1092972913A4DD005B0B9C /* ManagementView.swift */; };
		4B10929C2913A631005B0B9C /* StatusView.swift in Sources */ = {isa = PBXBuildFile; fileRef = 4B10929B2913A631005B0B9C /* StatusView.swift */; };
		4B1092A02913A7CB005B0B9C /* TabbarView.swift in Sources */ = {isa = PBXBuildFile; fileRef = 4B10929F2913A7CB005B0B9C /* TabbarView.swift */; };
		4B1092A32913B1F0005B0B9C /* UserListView.swift in Sources */ = {isa = PBXBuildFile; fileRef = 4B1092A22913B1F0005B0B9C /* UserListView.swift */; };
		4B1092A62913B24B005B0B9C /* Color.swift in Sources */ = {isa = PBXBuildFile; fileRef = 4B1092A52913B24B005B0B9C /* Color.swift */; };
		4B1092A92913C6D6005B0B9C /* LoginTitle.swift in Sources */ = {isa = PBXBuildFile; fileRef = 4B1092A82913C6D6005B0B9C /* LoginTitle.swift */; };
		4B1092AE2913D0C3005B0B9C /* ManagementViewModel.swift in Sources */ = {isa = PBXBuildFile; fileRef = 4B1092AD2913D0C3005B0B9C /* ManagementViewModel.swift */; };
		4B1092B12913D462005B0B9C /* ManagementModel.swift in Sources */ = {isa = PBXBuildFile; fileRef = 4B1092B02913D462005B0B9C /* ManagementModel.swift */; };
		4B1092B52913E39D005B0B9C /* UserListViewModel.swift in Sources */ = {isa = PBXBuildFile; fileRef = 4B1092B42913E39D005B0B9C /* UserListViewModel.swift */; };
		4B1092B82913E512005B0B9C /* UserListModel.swift in Sources */ = {isa = PBXBuildFile; fileRef = 4B1092B72913E512005B0B9C /* UserListModel.swift */; };
		4B46F2D5291423A600EAEA0B /* LocationService.swift in Sources */ = {isa = PBXBuildFile; fileRef = 4B46F2D4291423A600EAEA0B /* LocationService.swift */; };
		4B46F2D8291434A700EAEA0B /* BackButton.swift in Sources */ = {isa = PBXBuildFile; fileRef = 4B46F2D7291434A700EAEA0B /* BackButton.swift */; };
/* End PBXBuildFile section */

/* Begin PBXFileReference section */
		4B1092532913942D005B0B9C /* Attendance-for-user.app */ = {isa = PBXFileReference; explicitFileType = wrapper.application; includeInIndex = 0; path = "Attendance-for-user.app"; sourceTree = BUILT_PRODUCTS_DIR; };
		4B1092562913942D005B0B9C /* Attendance_for_userApp.swift */ = {isa = PBXFileReference; lastKnownFileType = sourcecode.swift; path = Attendance_for_userApp.swift; sourceTree = "<group>"; };
		4B1092582913942D005B0B9C /* ContentView.swift */ = {isa = PBXFileReference; lastKnownFileType = sourcecode.swift; path = ContentView.swift; sourceTree = "<group>"; };
		4B10925A2913942D005B0B9C /* Assets.xcassets */ = {isa = PBXFileReference; lastKnownFileType = folder.assetcatalog; path = Assets.xcassets; sourceTree = "<group>"; };
		4B10925D2913942D005B0B9C /* Preview Assets.xcassets */ = {isa = PBXFileReference; lastKnownFileType = folder.assetcatalog; path = "Preview Assets.xcassets"; sourceTree = "<group>"; };
		4B10926B29139507005B0B9C /* AuthTextField.swift */ = {isa = PBXFileReference; fileEncoding = 4; lastKnownFileType = sourcecode.swift; path = AuthTextField.swift; sourceTree = "<group>"; };
		4B10926C29139507005B0B9C /* AuthButton.swift */ = {isa = PBXFileReference; fileEncoding = 4; lastKnownFileType = sourcecode.swift; path = AuthButton.swift; sourceTree = "<group>"; };
		4B1092712913951B005B0B9C /* logInViewModel.swift */ = {isa = PBXFileReference; fileEncoding = 4; lastKnownFileType = sourcecode.swift; path = logInViewModel.swift; sourceTree = "<group>"; };
		4B1092732913951B005B0B9C /* LoginModel.swift */ = {isa = PBXFileReference; fileEncoding = 4; lastKnownFileType = sourcecode.swift; path = LoginModel.swift; sourceTree = "<group>"; };
		4B1092752913951B005B0B9C /* LoginView.swift */ = {isa = PBXFileReference; fileEncoding = 4; lastKnownFileType = sourcecode.swift; path = LoginView.swift; sourceTree = "<group>"; };
		4B10927D29139568005B0B9C /* UserClient.swift */ = {isa = PBXFileReference; fileEncoding = 4; lastKnownFileType = sourcecode.swift; path = UserClient.swift; sourceTree = "<group>"; };
		4B10927F29139568005B0B9C /* MoyaLogPlugin.swift */ = {isa = PBXFileReference; fileEncoding = 4; lastKnownFileType = sourcecode.swift; path = MoyaLogPlugin.swift; sourceTree = "<group>"; };
		4B10928129139568005B0B9C /* Header.swift */ = {isa = PBXFileReference; fileEncoding = 4; lastKnownFileType = sourcecode.swift; path = Header.swift; sourceTree = "<group>"; };
		4B10928B2913990F005B0B9C /* SignUpView.swift */ = {isa = PBXFileReference; lastKnownFileType = sourcecode.swift; path = SignUpView.swift; sourceTree = "<group>"; };
		4B10928F2913995E005B0B9C /* SignUpViewModel.swift */ = {isa = PBXFileReference; lastKnownFileType = sourcecode.swift; path = SignUpViewModel.swift; sourceTree = "<group>"; };
		4B10929229139B8D005B0B9C /* ErrorModel.swift */ = {isa = PBXFileReference; lastKnownFileType = sourcecode.swift; path = ErrorModel.swift; sourceTree = "<group>"; };
		4B1092972913A4DD005B0B9C /* ManagementView.swift */ = {isa = PBXFileReference; lastKnownFileType = sourcecode.swift; path = ManagementView.swift; sourceTree = "<group>"; };
		4B10929B2913A631005B0B9C /* StatusView.swift */ = {isa = PBXFileReference; lastKnownFileType = sourcecode.swift; path = StatusView.swift; sourceTree = "<group>"; };
		4B10929F2913A7CB005B0B9C /* TabbarView.swift */ = {isa = PBXFileReference; lastKnownFileType = sourcecode.swift; path = TabbarView.swift; sourceTree = "<group>"; };
		4B1092A22913B1F0005B0B9C /* UserListView.swift */ = {isa = PBXFileReference; lastKnownFileType = sourcecode.swift; path = UserListView.swift; sourceTree = "<group>"; };
		4B1092A52913B24B005B0B9C /* Color.swift */ = {isa = PBXFileReference; lastKnownFileType = sourcecode.swift; path = Color.swift; sourceTree = "<group>"; };
		4B1092A82913C6D6005B0B9C /* LoginTitle.swift */ = {isa = PBXFileReference; lastKnownFileType = sourcecode.swift; path = LoginTitle.swift; sourceTree = "<group>"; };
		4B1092AD2913D0C3005B0B9C /* ManagementViewModel.swift */ = {isa = PBXFileReference; lastKnownFileType = sourcecode.swift; path = ManagementViewModel.swift; sourceTree = "<group>"; };
		4B1092B02913D462005B0B9C /* ManagementModel.swift */ = {isa = PBXFileReference; lastKnownFileType = sourcecode.swift; path = ManagementModel.swift; sourceTree = "<group>"; };
		4B1092B42913E39D005B0B9C /* UserListViewModel.swift */ = {isa = PBXFileReference; lastKnownFileType = sourcecode.swift; path = UserListViewModel.swift; sourceTree = "<group>"; };
		4B1092B72913E512005B0B9C /* UserListModel.swift */ = {isa = PBXFileReference; lastKnownFileType = sourcecode.swift; path = UserListModel.swift; sourceTree = "<group>"; };
		4B1092B929142213005B0B9C /* Info.plist */ = {isa = PBXFileReference; lastKnownFileType = text.plist; path = Info.plist; sourceTree = "<group>"; };
		4B46F2D4291423A600EAEA0B /* LocationService.swift */ = {isa = PBXFileReference; lastKnownFileType = sourcecode.swift; path = LocationService.swift; sourceTree = "<group>"; };
		4B46F2D7291434A700EAEA0B /* BackButton.swift */ = {isa = PBXFileReference; lastKnownFileType = sourcecode.swift; path = BackButton.swift; sourceTree = "<group>"; };
/* End PBXFileReference section */

/* Begin PBXFrameworksBuildPhase section */
		4B1092502913942D005B0B9C /* Frameworks */ = {
			isa = PBXFrameworksBuildPhase;
			buildActionMask = 2147483647;
			files = (
				4B10927B29139548005B0B9C /* Moya in Frameworks */,
			);
			runOnlyForDeploymentPostprocessing = 0;
		};
/* End PBXFrameworksBuildPhase section */

/* Begin PBXGroup section */
		4B10924A2913942D005B0B9C = {
			isa = PBXGroup;
			children = (
				4B1092552913942D005B0B9C /* Attendance-for-user */,
				4B1092542913942D005B0B9C /* Products */,
			);
			sourceTree = "<group>";
		};
		4B1092542913942D005B0B9C /* Products */ = {
			isa = PBXGroup;
			children = (
				4B1092532913942D005B0B9C /* Attendance-for-user.app */,
			);
			name = Products;
			sourceTree = "<group>";
		};
		4B1092552913942D005B0B9C /* Attendance-for-user */ = {
			isa = PBXGroup;
			children = (
				4B1092B929142213005B0B9C /* Info.plist */,
				4B1092A42913B23C005B0B9C /* Resource */,
				4B10927C29139568005B0B9C /* Network */,
				4B10926429139437005B0B9C /* Source */,
				4B1092562913942D005B0B9C /* Attendance_for_userApp.swift */,
				4B1092582913942D005B0B9C /* ContentView.swift */,
				4B10925A2913942D005B0B9C /* Assets.xcassets */,
				4B10925C2913942D005B0B9C /* Preview Content */,
			);
			path = "Attendance-for-user";
			sourceTree = "<group>";
		};
		4B10925C2913942D005B0B9C /* Preview Content */ = {
			isa = PBXGroup;
			children = (
				4B10925D2913942D005B0B9C /* Preview Assets.xcassets */,
			);
			path = "Preview Content";
			sourceTree = "<group>";
		};
		4B10926429139437005B0B9C /* Source */ = {
			isa = PBXGroup;
			children = (
				4B109267291394D7005B0B9C /* Component */,
				4B10926529139457005B0B9C /* Scene */,
			);
			path = Source;
			sourceTree = "<group>";
		};
		4B10926529139457005B0B9C /* Scene */ = {
			isa = PBXGroup;
			children = (
				4B1092A12913B03E005B0B9C /* UseListView */,
				4B10929D2913A7BA005B0B9C /* TapbarView */,
				4B1092942913A45F005B0B9C /* ManagementView */,
				4B109285291396E4005B0B9C /* SignUp */,
				4B10926F2913951B005B0B9C /* Login */,
				4B109266291394AA005B0B9C /* Auth */,
			);
			path = Scene;
			sourceTree = "<group>";
		};
		4B109266291394AA005B0B9C /* Auth */ = {
			isa = PBXGroup;
			children = (
			);
			path = Auth;
			sourceTree = "<group>";
		};
		4B109267291394D7005B0B9C /* Component */ = {
			isa = PBXGroup;
			children = (
				4B46F2D62914349400EAEA0B /* BackButton */,
				4B1092BA291422FB005B0B9C /* LocationService */,
				4B1092992913A5FC005B0B9C /* ManagementView */,
				4B10929129139B85005B0B9C /* Model */,
				4B10926A29139507005B0B9C /* Auth */,
			);
			path = Component;
			sourceTree = "<group>";
		};
		4B10926A29139507005B0B9C /* Auth */ = {
			isa = PBXGroup;
			children = (
				4B1092A72913C6C8005B0B9C /* Login */,
				4B10926B29139507005B0B9C /* AuthTextField.swift */,
				4B10926C29139507005B0B9C /* AuthButton.swift */,
			);
			path = Auth;
			sourceTree = "<group>";
		};
		4B10926F2913951B005B0B9C /* Login */ = {
			isa = PBXGroup;
			children = (
				4B1092722913951B005B0B9C /* Model */,
				4B1092702913951B005B0B9C /* ViewModel */,
				4B1092742913951B005B0B9C /* View */,
			);
			path = Login;
			sourceTree = "<group>";
		};
		4B1092702913951B005B0B9C /* ViewModel */ = {
			isa = PBXGroup;
			children = (
				4B1092712913951B005B0B9C /* logInViewModel.swift */,
			);
			path = ViewModel;
			sourceTree = "<group>";
		};
		4B1092722913951B005B0B9C /* Model */ = {
			isa = PBXGroup;
			children = (
				4B1092732913951B005B0B9C /* LoginModel.swift */,
			);
			path = Model;
			sourceTree = "<group>";
		};
		4B1092742913951B005B0B9C /* View */ = {
			isa = PBXGroup;
			children = (
				4B1092752913951B005B0B9C /* LoginView.swift */,
			);
			path = View;
			sourceTree = "<group>";
		};
		4B10927C29139568005B0B9C /* Network */ = {
			isa = PBXGroup;
			children = (
				4B10927D29139568005B0B9C /* UserClient.swift */,
				4B10927E29139568005B0B9C /* Plugin */,
				4B10928029139568005B0B9C /* Header */,
			);
			path = Network;
			sourceTree = "<group>";
		};
		4B10927E29139568005B0B9C /* Plugin */ = {
			isa = PBXGroup;
			children = (
				4B10927F29139568005B0B9C /* MoyaLogPlugin.swift */,
			);
			path = Plugin;
			sourceTree = "<group>";
		};
		4B10928029139568005B0B9C /* Header */ = {
			isa = PBXGroup;
			children = (
				4B10928129139568005B0B9C /* Header.swift */,
			);
			path = Header;
			sourceTree = "<group>";
		};
		4B109285291396E4005B0B9C /* SignUp */ = {
			isa = PBXGroup;
			children = (
				4B10928A291398FB005B0B9C /* Model */,
				4B109289291398F8005B0B9C /* ViewModel */,
				4B109288291398F4005B0B9C /* View */,
			);
			path = SignUp;
			sourceTree = "<group>";
		};
		4B109288291398F4005B0B9C /* View */ = {
			isa = PBXGroup;
			children = (
				4B10928B2913990F005B0B9C /* SignUpView.swift */,
			);
			path = View;
			sourceTree = "<group>";
		};
		4B109289291398F8005B0B9C /* ViewModel */ = {
			isa = PBXGroup;
			children = (
				4B10928F2913995E005B0B9C /* SignUpViewModel.swift */,
			);
			path = ViewModel;
			sourceTree = "<group>";
		};
		4B10928A291398FB005B0B9C /* Model */ = {
			isa = PBXGroup;
			children = (
			);
			path = Model;
			sourceTree = "<group>";
		};
		4B10929129139B85005B0B9C /* Model */ = {
			isa = PBXGroup;
			children = (
				4B10929229139B8D005B0B9C /* ErrorModel.swift */,
			);
			path = Model;
			sourceTree = "<group>";
		};
		4B1092942913A45F005B0B9C /* ManagementView */ = {
			isa = PBXGroup;
			children = (
				4B1092AF2913D44B005B0B9C /* Model */,
				4B1092962913A4C9005B0B9C /* ViewModel */,
				4B1092952913A4C7005B0B9C /* View */,
			);
			path = ManagementView;
			sourceTree = "<group>";
		};
		4B1092952913A4C7005B0B9C /* View */ = {
			isa = PBXGroup;
			children = (
				4B1092972913A4DD005B0B9C /* ManagementView.swift */,
			);
			path = View;
			sourceTree = "<group>";
		};
		4B1092962913A4C9005B0B9C /* ViewModel */ = {
			isa = PBXGroup;
			children = (
				4B1092AD2913D0C3005B0B9C /* ManagementViewModel.swift */,
			);
			path = ViewModel;
			sourceTree = "<group>";
		};
		4B1092992913A5FC005B0B9C /* ManagementView */ = {
			isa = PBXGroup;
			children = (
				4B10929B2913A631005B0B9C /* StatusView.swift */,
			);
			path = ManagementView;
			sourceTree = "<group>";
		};
		4B10929D2913A7BA005B0B9C /* TapbarView */ = {
			isa = PBXGroup;
			children = (
				4B10929F2913A7CB005B0B9C /* TabbarView.swift */,
			);
			path = TapbarView;
			sourceTree = "<group>";
		};
		4B1092A12913B03E005B0B9C /* UseListView */ = {
			isa = PBXGroup;
			children = (
				4B1092B62913E500005B0B9C /* Model */,
				4B1092B32913DF7B005B0B9C /* ViewModel */,
				4B1092B22913DF77005B0B9C /* View */,
			);
			path = UseListView;
			sourceTree = "<group>";
		};
		4B1092A42913B23C005B0B9C /* Resource */ = {
			isa = PBXGroup;
			children = (
				4B1092A52913B24B005B0B9C /* Color.swift */,
			);
			path = Resource;
			sourceTree = "<group>";
		};
		4B1092A72913C6C8005B0B9C /* Login */ = {
			isa = PBXGroup;
			children = (
				4B1092A82913C6D6005B0B9C /* LoginTitle.swift */,
			);
			path = Login;
			sourceTree = "<group>";
		};
		4B1092AF2913D44B005B0B9C /* Model */ = {
			isa = PBXGroup;
			children = (
				4B1092B02913D462005B0B9C /* ManagementModel.swift */,
			);
			path = Model;
			sourceTree = "<group>";
		};
		4B1092B22913DF77005B0B9C /* View */ = {
			isa = PBXGroup;
			children = (
				4B1092A22913B1F0005B0B9C /* UserListView.swift */,
			);
			path = View;
			sourceTree = "<group>";
		};
		4B1092B32913DF7B005B0B9C /* ViewModel */ = {
			isa = PBXGroup;
			children = (
				4B1092B42913E39D005B0B9C /* UserListViewModel.swift */,
			);
			path = ViewModel;
			sourceTree = "<group>";
		};
		4B1092B62913E500005B0B9C /* Model */ = {
			isa = PBXGroup;
			children = (
				4B1092B72913E512005B0B9C /* UserListModel.swift */,
			);
			path = Model;
			sourceTree = "<group>";
		};
		4B1092BA291422FB005B0B9C /* LocationService */ = {
			isa = PBXGroup;
			children = (
				4B46F2D4291423A600EAEA0B /* LocationService.swift */,
			);
			path = LocationService;
			sourceTree = "<group>";
		};
		4B46F2D62914349400EAEA0B /* BackButton */ = {
			isa = PBXGroup;
			children = (
				4B46F2D7291434A700EAEA0B /* BackButton.swift */,
			);
			path = BackButton;
			sourceTree = "<group>";
		};
/* End PBXGroup section */

/* Begin PBXNativeTarget section */
		4B1092522913942D005B0B9C /* Attendance-for-user */ = {
			isa = PBXNativeTarget;
			buildConfigurationList = 4B1092612913942D005B0B9C /* Build configuration list for PBXNativeTarget "Attendance-for-user" */;
			buildPhases = (
				4B10924F2913942D005B0B9C /* Sources */,
				4B1092502913942D005B0B9C /* Frameworks */,
				4B1092512913942D005B0B9C /* Resources */,
			);
			buildRules = (
			);
			dependencies = (
			);
			name = "Attendance-for-user";
			packageProductDependencies = (
				4B10927A29139548005B0B9C /* Moya */,
			);
			productName = "Attendance-for-user";
			productReference = 4B1092532913942D005B0B9C /* Attendance-for-user.app */;
			productType = "com.apple.product-type.application";
		};
/* End PBXNativeTarget section */

/* Begin PBXProject section */
		4B10924B2913942D005B0B9C /* Project object */ = {
			isa = PBXProject;
			attributes = {
				BuildIndependentTargetsInParallel = 1;
				LastSwiftUpdateCheck = 1400;
				LastUpgradeCheck = 1400;
				TargetAttributes = {
					4B1092522913942D005B0B9C = {
						CreatedOnToolsVersion = 14.0.1;
					};
				};
			};
			buildConfigurationList = 4B10924E2913942D005B0B9C /* Build configuration list for PBXProject "Attendance-for-user" */;
			compatibilityVersion = "Xcode 14.0";
			developmentRegion = en;
			hasScannedForEncodings = 0;
			knownRegions = (
				en,
				Base,
			);
			mainGroup = 4B10924A2913942D005B0B9C;
			packageReferences = (
				4B10927929139548005B0B9C /* XCRemoteSwiftPackageReference "Moya" */,
			);
			productRefGroup = 4B1092542913942D005B0B9C /* Products */;
			projectDirPath = "";
			projectRoot = "";
			targets = (
				4B1092522913942D005B0B9C /* Attendance-for-user */,
			);
		};
/* End PBXProject section */

/* Begin PBXResourcesBuildPhase section */
		4B1092512913942D005B0B9C /* Resources */ = {
			isa = PBXResourcesBuildPhase;
			buildActionMask = 2147483647;
			files = (
				4B10925E2913942D005B0B9C /* Preview Assets.xcassets in Resources */,
				4B10925B2913942D005B0B9C /* Assets.xcassets in Resources */,
			);
			runOnlyForDeploymentPostprocessing = 0;
		};
/* End PBXResourcesBuildPhase section */

/* Begin PBXSourcesBuildPhase section */
		4B10924F2913942D005B0B9C /* Sources */ = {
			isa = PBXSourcesBuildPhase;
			buildActionMask = 2147483647;
			files = (
				4B1092A32913B1F0005B0B9C /* UserListView.swift in Sources */,
				4B1092B52913E39D005B0B9C /* UserListViewModel.swift in Sources */,
				4B10928429139568005B0B9C /* Header.swift in Sources */,
				4B10926D29139507005B0B9C /* AuthTextField.swift in Sources */,
				4B46F2D8291434A700EAEA0B /* BackButton.swift in Sources */,
				4B10928329139568005B0B9C /* MoyaLogPlugin.swift in Sources */,
				4B10928229139568005B0B9C /* UserClient.swift in Sources */,
				4B1092782913951B005B0B9C /* LoginView.swift in Sources */,
				4B10929329139B8D005B0B9C /* ErrorModel.swift in Sources */,
				4B1092A92913C6D6005B0B9C /* LoginTitle.swift in Sources */,
				4B10928C2913990F005B0B9C /* SignUpView.swift in Sources */,
				4B46F2D5291423A600EAEA0B /* LocationService.swift in Sources */,
				4B1092772913951B005B0B9C /* LoginModel.swift in Sources */,
				4B1092B82913E512005B0B9C /* UserListModel.swift in Sources */,
				4B1092762913951B005B0B9C /* logInViewModel.swift in Sources */,
				4B10926E29139507005B0B9C /* AuthButton.swift in Sources */,
				4B1092A02913A7CB005B0B9C /* TabbarView.swift in Sources */,
				4B1092592913942D005B0B9C /* ContentView.swift in Sources */,
				4B1092902913995E005B0B9C /* SignUpViewModel.swift in Sources */,
				4B1092572913942D005B0B9C /* Attendance_for_userApp.swift in Sources */,
				4B1092982913A4DD005B0B9C /* ManagementView.swift in Sources */,
				4B1092AE2913D0C3005B0B9C /* ManagementViewModel.swift in Sources */,
				4B10929C2913A631005B0B9C /* StatusView.swift in Sources */,
				4B1092A62913B24B005B0B9C /* Color.swift in Sources */,
				4B1092B12913D462005B0B9C /* ManagementModel.swift in Sources */,
			);
			runOnlyForDeploymentPostprocessing = 0;
		};
/* End PBXSourcesBuildPhase section */

/* Begin XCBuildConfiguration section */
		4B10925F2913942D005B0B9C /* Debug */ = {
			isa = XCBuildConfiguration;
			buildSettings = {
				ALWAYS_SEARCH_USER_PATHS = NO;
				CLANG_ANALYZER_NONNULL = YES;
				CLANG_ANALYZER_NUMBER_OBJECT_CONVERSION = YES_AGGRESSIVE;
				CLANG_CXX_LANGUAGE_STANDARD = "gnu++20";
				CLANG_ENABLE_MODULES = YES;
				CLANG_ENABLE_OBJC_ARC = YES;
				CLANG_ENABLE_OBJC_WEAK = YES;
				CLANG_WARN_BLOCK_CAPTURE_AUTORELEASING = YES;
				CLANG_WARN_BOOL_CONVERSION = YES;
				CLANG_WARN_COMMA = YES;
				CLANG_WARN_CONSTANT_CONVERSION = YES;
				CLANG_WARN_DEPRECATED_OBJC_IMPLEMENTATIONS = YES;
				CLANG_WARN_DIRECT_OBJC_ISA_USAGE = YES_ERROR;
				CLANG_WARN_DOCUMENTATION_COMMENTS = YES;
				CLANG_WARN_EMPTY_BODY = YES;
				CLANG_WARN_ENUM_CONVERSION = YES;
				CLANG_WARN_INFINITE_RECURSION = YES;
				CLANG_WARN_INT_CONVERSION = YES;
				CLANG_WARN_NON_LITERAL_NULL_CONVERSION = YES;
				CLANG_WARN_OBJC_IMPLICIT_RETAIN_SELF = YES;
				CLANG_WARN_OBJC_LITERAL_CONVERSION = YES;
				CLANG_WARN_OBJC_ROOT_CLASS = YES_ERROR;
				CLANG_WARN_QUOTED_INCLUDE_IN_FRAMEWORK_HEADER = YES;
				CLANG_WARN_RANGE_LOOP_ANALYSIS = YES;
				CLANG_WARN_STRICT_PROTOTYPES = YES;
				CLANG_WARN_SUSPICIOUS_MOVE = YES;
				CLANG_WARN_UNGUARDED_AVAILABILITY = YES_AGGRESSIVE;
				CLANG_WARN_UNREACHABLE_CODE = YES;
				CLANG_WARN__DUPLICATE_METHOD_MATCH = YES;
				COPY_PHASE_STRIP = NO;
				DEBUG_INFORMATION_FORMAT = dwarf;
				ENABLE_STRICT_OBJC_MSGSEND = YES;
				ENABLE_TESTABILITY = YES;
				GCC_C_LANGUAGE_STANDARD = gnu11;
				GCC_DYNAMIC_NO_PIC = NO;
				GCC_NO_COMMON_BLOCKS = YES;
				GCC_OPTIMIZATION_LEVEL = 0;
				GCC_PREPROCESSOR_DEFINITIONS = (
					"DEBUG=1",
					"$(inherited)",
				);
				GCC_WARN_64_TO_32_BIT_CONVERSION = YES;
				GCC_WARN_ABOUT_RETURN_TYPE = YES_ERROR;
				GCC_WARN_UNDECLARED_SELECTOR = YES;
				GCC_WARN_UNINITIALIZED_AUTOS = YES_AGGRESSIVE;
				GCC_WARN_UNUSED_FUNCTION = YES;
				GCC_WARN_UNUSED_VARIABLE = YES;
				IPHONEOS_DEPLOYMENT_TARGET = 16.0;
				MTL_ENABLE_DEBUG_INFO = INCLUDE_SOURCE;
				MTL_FAST_MATH = YES;
				ONLY_ACTIVE_ARCH = YES;
				SDKROOT = iphoneos;
				SWIFT_ACTIVE_COMPILATION_CONDITIONS = DEBUG;
				SWIFT_OPTIMIZATION_LEVEL = "-Onone";
			};
			name = Debug;
		};
		4B1092602913942D005B0B9C /* Release */ = {
			isa = XCBuildConfiguration;
			buildSettings = {
				ALWAYS_SEARCH_USER_PATHS = NO;
				CLANG_ANALYZER_NONNULL = YES;
				CLANG_ANALYZER_NUMBER_OBJECT_CONVERSION = YES_AGGRESSIVE;
				CLANG_CXX_LANGUAGE_STANDARD = "gnu++20";
				CLANG_ENABLE_MODULES = YES;
				CLANG_ENABLE_OBJC_ARC = YES;
				CLANG_ENABLE_OBJC_WEAK = YES;
				CLANG_WARN_BLOCK_CAPTURE_AUTORELEASING = YES;
				CLANG_WARN_BOOL_CONVERSION = YES;
				CLANG_WARN_COMMA = YES;
				CLANG_WARN_CONSTANT_CONVERSION = YES;
				CLANG_WARN_DEPRECATED_OBJC_IMPLEMENTATIONS = YES;
				CLANG_WARN_DIRECT_OBJC_ISA_USAGE = YES_ERROR;
				CLANG_WARN_DOCUMENTATION_COMMENTS = YES;
				CLANG_WARN_EMPTY_BODY = YES;
				CLANG_WARN_ENUM_CONVERSION = YES;
				CLANG_WARN_INFINITE_RECURSION = YES;
				CLANG_WARN_INT_CONVERSION = YES;
				CLANG_WARN_NON_LITERAL_NULL_CONVERSION = YES;
				CLANG_WARN_OBJC_IMPLICIT_RETAIN_SELF = YES;
				CLANG_WARN_OBJC_LITERAL_CONVERSION = YES;
				CLANG_WARN_OBJC_ROOT_CLASS = YES_ERROR;
				CLANG_WARN_QUOTED_INCLUDE_IN_FRAMEWORK_HEADER = YES;
				CLANG_WARN_RANGE_LOOP_ANALYSIS = YES;
				CLANG_WARN_STRICT_PROTOTYPES = YES;
				CLANG_WARN_SUSPICIOUS_MOVE = YES;
				CLANG_WARN_UNGUARDED_AVAILABILITY = YES_AGGRESSIVE;
				CLANG_WARN_UNREACHABLE_CODE = YES;
				CLANG_WARN__DUPLICATE_METHOD_MATCH = YES;
				COPY_PHASE_STRIP = NO;
				DEBUG_INFORMATION_FORMAT = "dwarf-with-dsym";
				ENABLE_NS_ASSERTIONS = NO;
				ENABLE_STRICT_OBJC_MSGSEND = YES;
				GCC_C_LANGUAGE_STANDARD = gnu11;
				GCC_NO_COMMON_BLOCKS = YES;
				GCC_WARN_64_TO_32_BIT_CONVERSION = YES;
				GCC_WARN_ABOUT_RETURN_TYPE = YES_ERROR;
				GCC_WARN_UNDECLARED_SELECTOR = YES;
				GCC_WARN_UNINITIALIZED_AUTOS = YES_AGGRESSIVE;
				GCC_WARN_UNUSED_FUNCTION = YES;
				GCC_WARN_UNUSED_VARIABLE = YES;
				IPHONEOS_DEPLOYMENT_TARGET = 16.0;
				MTL_ENABLE_DEBUG_INFO = NO;
				MTL_FAST_MATH = YES;
				SDKROOT = iphoneos;
				SWIFT_COMPILATION_MODE = wholemodule;
				SWIFT_OPTIMIZATION_LEVEL = "-O";
				VALIDATE_PRODUCT = YES;
			};
			name = Release;
		};
		4B1092622913942D005B0B9C /* Debug */ = {
			isa = XCBuildConfiguration;
			buildSettings = {
				ASSETCATALOG_COMPILER_APPICON_NAME = AppIcon;
				ASSETCATALOG_COMPILER_GLOBAL_ACCENT_COLOR_NAME = AccentColor;
				CODE_SIGN_STYLE = Automatic;
				CURRENT_PROJECT_VERSION = 1;
				DEVELOPMENT_ASSET_PATHS = "\"Attendance-for-user/Preview Content\"";
				DEVELOPMENT_TEAM = 629Q9H7922;
				ENABLE_PREVIEWS = YES;
				GENERATE_INFOPLIST_FILE = YES;
				INFOPLIST_FILE = "Attendance-for-user/Info.plist";
				INFOPLIST_KEY_NSLocationWhenInUseUsageDescription = "\"현재 위치 사용을 허용하시겠습니까?\"";
				INFOPLIST_KEY_UIApplicationSceneManifest_Generation = YES;
				INFOPLIST_KEY_UIApplicationSupportsIndirectInputEvents = YES;
				INFOPLIST_KEY_UISupportedInterfaceOrientations_iPad = "UIInterfaceOrientationPortrait UIInterfaceOrientationPortraitUpsideDown UIInterfaceOrientationLandscapeLeft UIInterfaceOrientationLandscapeRight";
				INFOPLIST_KEY_UISupportedInterfaceOrientations_iPhone = "UIInterfaceOrientationPortrait UIInterfaceOrientationLandscapeLeft UIInterfaceOrientationLandscapeRight";
				LD_RUNPATH_SEARCH_PATHS = (
					"$(inherited)",
					"@executable_path/Frameworks",
				);
				MARKETING_VERSION = 1.0;
				PRODUCT_BUNDLE_IDENTIFIER = "hacathon-app.Attendance-for-user";
				PRODUCT_NAME = "$(TARGET_NAME)";
				SWIFT_EMIT_LOC_STRINGS = YES;
				SWIFT_VERSION = 5.0;
				TARGETED_DEVICE_FAMILY = "1,2";
			};
			name = Debug;
		};
		4B1092632913942D005B0B9C /* Release */ = {
			isa = XCBuildConfiguration;
			buildSettings = {
				ASSETCATALOG_COMPILER_APPICON_NAME = AppIcon;
				ASSETCATALOG_COMPILER_GLOBAL_ACCENT_COLOR_NAME = AccentColor;
				CODE_SIGN_STYLE = Automatic;
				CURRENT_PROJECT_VERSION = 1;
				DEVELOPMENT_ASSET_PATHS = "\"Attendance-for-user/Preview Content\"";
				DEVELOPMENT_TEAM = 629Q9H7922;
				ENABLE_PREVIEWS = YES;
				GENERATE_INFOPLIST_FILE = YES;
				INFOPLIST_FILE = "Attendance-for-user/Info.plist";
				INFOPLIST_KEY_NSLocationWhenInUseUsageDescription = "\"현재 위치 사용을 허용하시겠습니까?\"";
				INFOPLIST_KEY_UIApplicationSceneManifest_Generation = YES;
				INFOPLIST_KEY_UIApplicationSupportsIndirectInputEvents = YES;
				INFOPLIST_KEY_UISupportedInterfaceOrientations_iPad = "UIInterfaceOrientationPortrait UIInterfaceOrientationPortraitUpsideDown UIInterfaceOrientationLandscapeLeft UIInterfaceOrientationLandscapeRight";
				INFOPLIST_KEY_UISupportedInterfaceOrientations_iPhone = "UIInterfaceOrientationPortrait UIInterfaceOrientationLandscapeLeft UIInterfaceOrientationLandscapeRight";
				LD_RUNPATH_SEARCH_PATHS = (
					"$(inherited)",
					"@executable_path/Frameworks",
				);
				MARKETING_VERSION = 1.0;
				PRODUCT_BUNDLE_IDENTIFIER = "hacathon-app.Attendance-for-user";
				PRODUCT_NAME = "$(TARGET_NAME)";
				SWIFT_EMIT_LOC_STRINGS = YES;
				SWIFT_VERSION = 5.0;
				TARGETED_DEVICE_FAMILY = "1,2";
			};
			name = Release;
		};
/* End XCBuildConfiguration section */

/* Begin XCConfigurationList section */
		4B10924E2913942D005B0B9C /* Build configuration list for PBXProject "Attendance-for-user" */ = {
			isa = XCConfigurationList;
			buildConfigurations = (
				4B10925F2913942D005B0B9C /* Debug */,
				4B1092602913942D005B0B9C /* Release */,
			);
			defaultConfigurationIsVisible = 0;
			defaultConfigurationName = Release;
		};
		4B1092612913942D005B0B9C /* Build configuration list for PBXNativeTarget "Attendance-for-user" */ = {
			isa = XCConfigurationList;
			buildConfigurations = (
				4B1092622913942D005B0B9C /* Debug */,
				4B1092632913942D005B0B9C /* Release */,
			);
			defaultConfigurationIsVisible = 0;
			defaultConfigurationName = Release;
		};
/* End XCConfigurationList section */

/* Begin XCRemoteSwiftPackageReference section */
		4B10927929139548005B0B9C /* XCRemoteSwiftPackageReference "Moya" */ = {
			isa = XCRemoteSwiftPackageReference;
			repositoryURL = "https://github.com/Moya/Moya";
			requirement = {
				branch = master;
				kind = branch;
			};
		};
/* End XCRemoteSwiftPackageReference section */

/* Begin XCSwiftPackageProductDependency section */
		4B10927A29139548005B0B9C /* Moya */ = {
			isa = XCSwiftPackageProductDependency;
			package = 4B10927929139548005B0B9C /* XCRemoteSwiftPackageReference "Moya" */;
			productName = Moya;
		};
/* End XCSwiftPackageProductDependency section */
	};
	rootObject = 4B10924B2913942D005B0B9C /* Project object */;
}
